version: 0.0.0-dev
dependencies:
  - name: envoy
    repository: https://kubernetes-charts.storage.googleapis.com
    version: 1.5.0
  - name: envoy
    repository: https://kubernetes-charts.storage.googleapis.com
    version: 1.4.0
digest: sha256:8194b597c85bb3d1fee8476d4a486e952681d5c65f185ad5809f2118bc4079b5
generated: "2019-05-16T15:42:45.50486+09:00"
